# This file is automatically @generated by Cargo.
# It is not intended for manual editing.
version = 4

[[package]]
name = "accesskit"
version = "0.25.0"
source = "registry+https://github.com/rust-lang/crates.io-index"
checksum = "438a7081a65b95c668db56591a4fef9bc5dad275f448bd6223fc6949d823db38"
dependencies = [
 "uuid",
]

[[package]]
name = "uuid"
version = "1.26.0"
source = "registry+https://github.com/rust-lang/crates.io-index"
checksum = "b5772d71c9be8a8a6ac2117d949c5b224c1b72241bb611d9a3012edcf8af7812"

[[package]]
name = "wm-atspi"
version = "0.1.0"
dependencies = [
 "wm-index",
 "wm-node",
]

[[package]]
name = "wm-compositor"
version = "0.1.0"
dependencies = [
 "wm-index",
 "wm-node",
]

[[package]]
name = "wm-index"
version = "0.1.0"
dependencies = [
 "wm-node",
]

[[package]]
name = "wm-mcp"
version = "0.1.0"
dependencies = [
 "wm-index",
 "wm-node",
]

[[package]]
name = "wm-node"
version = "0.1.0"
dependencies = [
 "accesskit",
]

[[package]]
name = "wm-probe"
version = "0.1.0"
dependencies = [
 "wm-atspi",
 "wm-index",
 "wm-node",
]
